// !$*UTF8*$!
{
	archiveVersion = 1;
	classes = {
	};
	objectVersion = 48;
	objects = {

/* Begin PBXBuildFile section */
		B515F27A2B5293C768A0B552 /* Pods_IntervalTimer.framework in Frameworks */ = {isa = PBXBuildFile; fileRef = 50B794CE745901DCDDF0F223 /* Pods_IntervalTimer.framework */; };
		DB276326204DEF7B00829E08 /* ProfilesTableViewController.swift in Sources */ = {isa = PBXBuildFile; fileRef = DB276325204DEF7B00829E08 /* ProfilesTableViewController.swift */; };
		DB276328204DEFEC00829E08 /* CustomTabBarController.swift in Sources */ = {isa = PBXBuildFile; fileRef = DB276327204DEFEC00829E08 /* CustomTabBarController.swift */; };
		DB27632C204E0F2E00829E08 /* TimerViewSetup.swift in Sources */ = {isa = PBXBuildFile; fileRef = DB27632B204E0F2E00829E08 /* TimerViewSetup.swift */; };
		DB27632F204E491900829E08 /* ProfileDetailController.swift in Sources */ = {isa = PBXBuildFile; fileRef = DB27632E204E491900829E08 /* ProfileDetailController.swift */; };
		DBA47F4F2048D9880072A11C /* AppDelegate.swift in Sources */ = {isa = PBXBuildFile; fileRef = DBA47F4E2048D9880072A11C /* AppDelegate.swift */; };
		DBA47F512048D9880072A11C /* TimerViewController.swift in Sources */ = {isa = PBXBuildFile; fileRef = DBA47F502048D9880072A11C /* TimerViewController.swift */; };
		DBA47F562048D9890072A11C /* Assets.xcassets in Resources */ = {isa = PBXBuildFile; fileRef = DBA47F552048D9890072A11C /* Assets.xcassets */; };
		DBA47F592048D9890072A11C /* LaunchScreen.storyboard in Resources */ = {isa = PBXBuildFile; fileRef = DBA47F572048D9890072A11C /* LaunchScreen.storyboard */; };
		DBA47F612048DBBF0072A11C /* Extensions.swift in Sources */ = {isa = PBXBuildFile; fileRef = DBA47F602048DBBF0072A11C /* Extensions.swift */; };
		DBA47F632048DD780072A11C /* HTimer.swift in Sources */ = {isa = PBXBuildFile; fileRef = DBA47F622048DD780072A11C /* HTimer.swift */; };
		DBA47F652049C1540072A11C /* TimeIntervals.swift in Sources */ = {isa = PBXBuildFile; fileRef = DBA47F642049C1540072A11C /* TimeIntervals.swift */; };
		DBA47F672049C18D0072A11C /* Profile.swift in Sources */ = {isa = PBXBuildFile; fileRef = DBA47F662049C18D0072A11C /* Profile.swift */; };
		DBA47F692049C4DF0072A11C /* UserDefaults+helper.swift in Sources */ = {isa = PBXBuildFile; fileRef = DBA47F682049C4DF0072A11C /* UserDefaults+helper.swift */; };
/* End PBXBuildFile section */

/* Begin PBXFileReference section */
		0E4998DA3D8BDF8FABB025F6 /* Pods-IntervalTimer.release.xcconfig */ = {isa = PBXFileReference; includeInIndex = 1; lastKnownFileType = text.xcconfig; name = "Pods-IntervalTimer.release.xcconfig"; path = "Pods/Target Support Files/Pods-IntervalTimer/Pods-IntervalTimer.release.xcconfig"; sourceTree = "<group>"; };
		50B794CE745901DCDDF0F223 /* Pods_IntervalTimer.framework */ = {isa = PBXFileReference; explicitFileType = wrapper.framework; includeInIndex = 0; path = Pods_IntervalTimer.framework; sourceTree = BUILT_PRODUCTS_DIR; };
		5C695C8F3FFB242739733235 /* Pods-IntervalTimer.debug.xcconfig */ = {isa = PBXFileReference; includeInIndex = 1; lastKnownFileType = text.xcconfig; name = "Pods-IntervalTimer.debug.xcconfig"; path = "Pods/Target Support Files/Pods-IntervalTimer/Pods-IntervalTimer.debug.xcconfig"; sourceTree = "<group>"; };
		DB276325204DEF7B00829E08 /* ProfilesTableViewController.swift */ = {isa = PBXFileReference; lastKnownFileType = sourcecode.swift; path = ProfilesTableViewController.swift; sourceTree = "<group>"; };
		DB276327204DEFEC00829E08 /* CustomTabBarController.swift */ = {isa = PBXFileReference; lastKnownFileType = sourcecode.swift; path = CustomTabBarController.swift; sourceTree = "<group>"; };
		DB27632B204E0F2E00829E08 /* TimerViewSetup.swift */ = {isa = PBXFileReference; lastKnownFileType = sourcecode.swift; path = TimerViewSetup.swift; sourceTree = "<group>"; };
		DB27632E204E491900829E08 /* ProfileDetailController.swift */ = {isa = PBXFileReference; lastKnownFileType = sourcecode.swift; path = ProfileDetailController.swift; sourceTree = "<group>"; };
		DBA47F4B2048D9880072A11C /* IntervalTimer.app */ = {isa = PBXFileReference; explicitFileType = wrapper.application; includeInIndex = 0; path = IntervalTimer.app; sourceTree = BUILT_PRODUCTS_DIR; };
		DBA47F4E2048D9880072A11C /* AppDelegate.swift */ = {isa = PBXFileReference; lastKnownFileType = sourcecode.swift; path = AppDelegate.swift; sourceTree = "<group>"; };
		DBA47F502048D9880072A11C /* TimerViewController.swift */ = {isa = PBXFileReference; lastKnownFileType = sourcecode.swift; path = TimerViewController.swift; sourceTree = "<group>"; };
		DBA47F552048D9890072A11C /* Assets.xcassets */ = {isa = PBXFileReference; lastKnownFileType = folder.assetcatalog; path = Assets.xcassets; sourceTree = "<group>"; };
		DBA47F582048D9890072A11C /* Base */ = {isa = PBXFileReference; lastKnownFileType = file.storyboard; name = Base; path = Base.lproj/LaunchScreen.storyboard; sourceTree = "<group>"; };
		DBA47F5A2048D9890072A11C /* Info.plist */ = {isa = PBXFileReference; lastKnownFileType = text.plist.xml; path = Info.plist; sourceTree = "<group>"; };
		DBA47F602048DBBF0072A11C /* Extensions.swift */ = {isa = PBXFileReference; lastKnownFileType = sourcecode.swift; path = Extensions.swift; sourceTree = "<group>"; };
		DBA47F622048DD780072A11C /* HTimer.swift */ = {isa = PBXFileReference; lastKnownFileType = sourcecode.swift; path = HTimer.swift; sourceTree = "<group>"; };
		DBA47F642049C1540072A11C /* TimeIntervals.swift */ = {isa = PBXFileReference; lastKnownFileType = sourcecode.swift; path = TimeIntervals.swift; sourceTree = "<group>"; };
		DBA47F662049C18D0072A11C /* Profile.swift */ = {isa = PBXFileReference; lastKnownFileType = sourcecode.swift; path = Profile.swift; sourceTree = "<group>"; };
		DBA47F682049C4DF0072A11C /* UserDefaults+helper.swift */ = {isa = PBXFileReference; lastKnownFileType = sourcecode.swift; path = "UserDefaults+helper.swift"; sourceTree = "<group>"; };
/* End PBXFileReference section */

/* Begin PBXFrameworksBuildPhase section */
		DBA47F482048D9880072A11C /* Frameworks */ = {
			isa = PBXFrameworksBuildPhase;
			buildActionMask = 2147483647;
			files = (
				B515F27A2B5293C768A0B552 /* Pods_IntervalTimer.framework in Frameworks */,
			);
			runOnlyForDeploymentPostprocessing = 0;
		};
/* End PBXFrameworksBuildPhase section */

/* Begin PBXGroup section */
		C5562D964DAC7F2452353B24 /* Frameworks */ = {
			isa = PBXGroup;
			children = (
				50B794CE745901DCDDF0F223 /* Pods_IntervalTimer.framework */,
			);
			name = Frameworks;
			sourceTree = "<group>";
		};
		DB276329204E0EF500829E08 /* Model */ = {
			isa = PBXGroup;
			children = (
				DBA47F662049C18D0072A11C /* Profile.swift */,
				DBA47F682049C4DF0072A11C /* UserDefaults+helper.swift */,
				DBA47F622048DD780072A11C /* HTimer.swift */,
				DBA47F642049C1540072A11C /* TimeIntervals.swift */,
			);
			path = Model;
			sourceTree = "<group>";
		};
		DB27632A204E0F0100829E08 /* Controller */ = {
			isa = PBXGroup;
			children = (
				DBA47F502048D9880072A11C /* TimerViewController.swift */,
				DB276325204DEF7B00829E08 /* ProfilesTableViewController.swift */,
				DB27632E204E491900829E08 /* ProfileDetailController.swift */,
				DB276327204DEFEC00829E08 /* CustomTabBarController.swift */,
			);
			path = Controller;
			sourceTree = "<group>";
		};
		DB27632D204E2CBB00829E08 /* View */ = {
			isa = PBXGroup;
			children = (
				DB27632B204E0F2E00829E08 /* TimerViewSetup.swift */,
			);
			path = View;
			sourceTree = "<group>";
		};
		DBA47F422048D9880072A11C = {
			isa = PBXGroup;
			children = (
				DBA47F4D2048D9880072A11C /* IntervalTimer */,
				DBA47F4C2048D9880072A11C /* Products */,
				E8DEC49F40418B0A19B00483 /* Pods */,
				C5562D964DAC7F2452353B24 /* Frameworks */,
			);
			sourceTree = "<group>";
		};
		DBA47F4C2048D9880072A11C /* Products */ = {
			isa = PBXGroup;
			children = (
				DBA47F4B2048D9880072A11C /* IntervalTimer.app */,
			);
			name = Products;
			sourceTree = "<group>";
		};
		DBA47F4D2048D9880072A11C /* IntervalTimer */ = {
			isa = PBXGroup;
			children = (
				DBA47F4E2048D9880072A11C /* AppDelegate.swift */,
				DBA47F602048DBBF0072A11C /* Extensions.swift */,
				DB276329204E0EF500829E08 /* Model */,
				DB27632D204E2CBB00829E08 /* View */,
				DB27632A204E0F0100829E08 /* Controller */,
				DBA47F552048D9890072A11C /* Assets.xcassets */,
				DBA47F572048D9890072A11C /* LaunchScreen.storyboard */,
				DBA47F5A2048D9890072A11C /* Info.plist */,
			);
			path = IntervalTimer;
			sourceTree = "<group>";
		};
		E8DEC49F40418B0A19B00483 /* Pods */ = {
			isa = PBXGroup;
			children = (
				5C695C8F3FFB242739733235 /* Pods-IntervalTimer.debug.xcconfig */,
				0E4998DA3D8BDF8FABB025F6 /* Pods-IntervalTimer.release.xcconfig */,
			);
			name = Pods;
			sourceTree = "<group>";
		};
/* End PBXGroup section */

/* Begin PBXNativeTarget section */
		DBA47F4A2048D9880072A11C /* IntervalTimer */ = {
			isa = PBXNativeTarget;
			buildConfigurationList = DBA47F5D2048D9890072A11C /* Build configuration list for PBXNativeTarget "IntervalTimer" */;
			buildPhases = (
				D4CD89F1CE7115C605E3F0AA /* [CP] Check Pods Manifest.lock */,
				DBA47F472048D9880072A11C /* Sources */,
				DBA47F482048D9880072A11C /* Frameworks */,
				DBA47F492048D9880072A11C /* Resources */,
				E293C5EBFD86AE47C872992D /* [CP] Embed Pods Frameworks */,
				0D97143AE8D85040BA788C50 /* [CP] Copy Pods Resources */,
			);
			buildRules = (
			);
			dependencies = (
			);
			name = IntervalTimer;
			productName = IntervalTimer;
			productReference = DBA47F4B2048D9880072A11C /* IntervalTimer.app */;
			productType = "com.apple.product-type.application";
		};
/* End PBXNativeTarget section */

/* Begin PBXProject section */
		DBA47F432048D9880072A11C /* Project object */ = {
			isa = PBXProject;
			attributes = {
				LastSwiftUpdateCheck = 0920;
				LastUpgradeCheck = 0920;
				ORGANIZATIONNAME = "Weijie Lin";
				TargetAttributes = {
					DBA47F4A2048D9880072A11C = {
						CreatedOnToolsVersion = 9.2;
						ProvisioningStyle = Automatic;
					};
				};
			};
			buildConfigurationList = DBA47F462048D9880072A11C /* Build configuration list for PBXProject "IntervalTimer" */;
			compatibilityVersion = "Xcode 8.0";
			developmentRegion = en;
			hasScannedForEncodings = 0;
			knownRegions = (
				en,
				Base,
			);
			mainGroup = DBA47F422048D9880072A11C;
			productRefGroup = DBA47F4C2048D9880072A11C /* Products */;
			projectDirPath = "";
			projectRoot = "";
			targets = (
				DBA47F4A2048D9880072A11C /* IntervalTimer */,
			);
		};
/* End PBXProject section */

/* Begin PBXResourcesBuildPhase section */
		DBA47F492048D9880072A11C /* Resources */ = {
			isa = PBXResourcesBuildPhase;
			buildActionMask = 2147483647;
			files = (
				DBA47F592048D9890072A11C /* LaunchScreen.storyboard in Resources */,
				DBA47F562048D9890072A11C /* Assets.xcassets in Resources */,
			);
			runOnlyForDeploymentPostprocessing = 0;
		};
/* End PBXResourcesBuildPhase section */

/* Begin PBXShellScriptBuildPhase section */
		0D97143AE8D85040BA788C50 /* [CP] Copy Pods Resources */ = {
			isa = PBXShellScriptBuildPhase;
			buildActionMask = 2147483647;
			files = (
			);
			inputPaths = (
			);
			name = "[CP] Copy Pods Resources";
			outputPaths = (
			);
			runOnlyForDeploymentPostprocessing = 0;
			shellPath = /bin/sh;
			shellScript = "\"${SRCROOT}/Pods/Target Support Files/Pods-IntervalTimer/Pods-IntervalTimer-resources.sh\"\n";
			showEnvVarsInLog = 0;
		};
		D4CD89F1CE7115C605E3F0AA /* [CP] Check Pods Manifest.lock */ = {
			isa = PBXShellScriptBuildPhase;
			buildActionMask = 2147483647;
			files = (
			);
			inputPaths = (
				"${PODS_PODFILE_DIR_PATH}/Podfile.lock",
				"${PODS_ROOT}/Manifest.lock",
			);
			name = "[CP] Check Pods Manifest.lock";
			outputPaths = (
				"$(DERIVED_FILE_DIR)/Pods-IntervalTimer-checkManifestLockResult.txt",
			);
			runOnlyForDeploymentPostprocessing = 0;
			shellPath = /bin/sh;
			shellScript = "diff \"${PODS_PODFILE_DIR_PATH}/Podfile.lock\" \"${PODS_ROOT}/Manifest.lock\" > /dev/null\nif [ $? != 0 ] ; then\n    # print error to STDERR\n    echo \"error: The sandbox is not in sync with the Podfile.lock. Run 'pod install' or update your CocoaPods installation.\" >&2\n    exit 1\nfi\n# This output is used by Xcode 'outputs' to avoid re-running this script phase.\necho \"SUCCESS\" > \"${SCRIPT_OUTPUT_FILE_0}\"\n";
			showEnvVarsInLog = 0;
		};
		E293C5EBFD86AE47C872992D /* [CP] Embed Pods Frameworks */ = {
			isa = PBXShellScriptBuildPhase;
			buildActionMask = 2147483647;
			files = (
			);
			inputPaths = (
				"${SRCROOT}/Pods/Target Support Files/Pods-IntervalTimer/Pods-IntervalTimer-frameworks.sh",
				"${BUILT_PRODUCTS_DIR}/KDCircularProgress/KDCircularProgress.framework",
			);
			name = "[CP] Embed Pods Frameworks";
			outputPaths = (
				"${TARGET_BUILD_DIR}/${FRAMEWORKS_FOLDER_PATH}/KDCircularProgress.framework",
			);
			runOnlyForDeploymentPostprocessing = 0;
			shellPath = /bin/sh;
			shellScript = "\"${SRCROOT}/Pods/Target Support Files/Pods-IntervalTimer/Pods-IntervalTimer-frameworks.sh\"\n";
			showEnvVarsInLog = 0;
		};
/* End PBXShellScriptBuildPhase section */

/* Begin PBXSourcesBuildPhase section */
		DBA47F472048D9880072A11C /* Sources */ = {
			isa = PBXSourcesBuildPhase;
			buildActionMask = 2147483647;
			files = (
				DBA47F632048DD780072A11C /* HTimer.swift in Sources */,
				DB276326204DEF7B00829E08 /* ProfilesTableViewController.swift in Sources */,
				DB27632C204E0F2E00829E08 /* TimerViewSetup.swift in Sources */,
				DBA47F672049C18D0072A11C /* Profile.swift in Sources */,
				DBA47F512048D9880072A11C /* TimerViewController.swift in Sources */,
				DBA47F612048DBBF0072A11C /* Extensions.swift in Sources */,
				DBA47F692049C4DF0072A11C /* UserDefaults+helper.swift in Sources */,
				DBA47F4F2048D9880072A11C /* AppDelegate.swift in Sources */,
				DB27632F204E491900829E08 /* ProfileDetailController.swift in Sources */,
				DBA47F652049C1540072A11C /* TimeIntervals.swift in Sources */,
				DB276328204DEFEC00829E08 /* CustomTabBarController.swift in Sources */,
			);
			runOnlyForDeploymentPostprocessing = 0;
		};
/* End PBXSourcesBuildPhase section */

/* Begin PBXVariantGroup section */
		DBA47F572048D9890072A11C /* LaunchScreen.storyboard */ = {
			isa = PBXVariantGroup;
			children = (
				DBA47F582048D9890072A11C /* Base */,
			);
			name = LaunchScreen.storyboard;
			sourceTree = "<group>";
		};
/* End PBXVariantGroup section */

/* Begin XCBuildConfiguration section */
		DBA47F5B2048D9890072A11C /* Debug */ = {
			isa = XCBuildConfiguration;
			buildSettings = {
				ALWAYS_SEARCH_USER_PATHS = NO;
				CLANG_ANALYZER_NONNULL = YES;
				CLANG_ANALYZER_NUMBER_OBJECT_CONVERSION = YES_AGGRESSIVE;
				CLANG_CXX_LANGUAGE_STANDARD = "gnu++14";
				CLANG_CXX_LIBRARY = "libc++";
				CLANG_ENABLE_MODULES = YES;
				CLANG_ENABLE_OBJC_ARC = YES;
				CLANG_WARN_BLOCK_CAPTURE_AUTORELEASING = YES;
				CLANG_WARN_BOOL_CONVERSION = YES;
				CLANG_WARN_COMMA = YES;
				CLANG_WARN_CONSTANT_CONVERSION = YES;
				CLANG_WARN_DIRECT_OBJC_ISA_USAGE = YES_ERROR;
				CLANG_WARN_DOCUMENTATION_COMMENTS = YES;
				CLANG_WARN_EMPTY_BODY = YES;
				CLANG_WARN_ENUM_CONVERSION = YES;
				CLANG_WARN_INFINITE_RECURSION = YES;
				CLANG_WARN_INT_CONVERSION = YES;
				CLANG_WARN_NON_LITERAL_NULL_CONVERSION = YES;
				CLANG_WARN_OBJC_LITERAL_CONVERSION = YES;
				CLANG_WARN_OBJC_ROOT_CLASS = YES_ERROR;
				CLANG_WARN_RANGE_LOOP_ANALYSIS = YES;
				CLANG_WARN_STRICT_PROTOTYPES = YES;
				CLANG_WARN_SUSPICIOUS_MOVE = YES;
				CLANG_WARN_UNGUARDED_AVAILABILITY = YES_AGGRESSIVE;
				CLANG_WARN_UNREACHABLE_CODE = YES;
				CLANG_WARN__DUPLICATE_METHOD_MATCH = YES;
				CODE_SIGN_IDENTITY = "iPhone Developer";
				COPY_PHASE_STRIP = NO;
				DEBUG_INFORMATION_FORMAT = dwarf;
				ENABLE_STRICT_OBJC_MSGSEND = YES;
				ENABLE_TESTABILITY = YES;
				GCC_C_LANGUAGE_STANDARD = gnu11;
				GCC_DYNAMIC_NO_PIC = NO;
				GCC_NO_COMMON_BLOCKS = YES;
				GCC_OPTIMIZATION_LEVEL = 0;
				GCC_PREPROCESSOR_DEFINITIONS = (
					"DEBUG=1",
					"$(inherited)",
				);
				GCC_WARN_64_TO_32_BIT_CONVERSION = YES;
				GCC_WARN_ABOUT_RETURN_TYPE = YES_ERROR;
				GCC_WARN_UNDECLARED_SELECTOR = YES;
				GCC_WARN_UNINITIALIZED_AUTOS = YES_AGGRESSIVE;
				GCC_WARN_UNUSED_FUNCTION = YES;
				GCC_WARN_UNUSED_VARIABLE = YES;
				IPHONEOS_DEPLOYMENT_TARGET = 11.2;
				MTL_ENABLE_DEBUG_INFO = YES;
				ONLY_ACTIVE_ARCH = YES;
				SDKROOT = iphoneos;
				SWIFT_ACTIVE_COMPILATION_CONDITIONS = DEBUG;
				SWIFT_OPTIMIZATION_LEVEL = "-Onone";
			};
			name = Debug;
		};
		DBA47F5C2048D9890072A11C /* Release */ = {
			isa = XCBuildConfiguration;
			buildSettings = {
				ALWAYS_SEARCH_USER_PATHS = NO;
				CLANG_ANALYZER_NONNULL = YES;
				CLANG_ANALYZER_NUMBER_OBJECT_CONVERSION = YES_AGGRESSIVE;
				CLANG_CXX_LANGUAGE_STANDARD = "gnu++14";
				CLANG_CXX_LIBRARY = "libc++";
				CLANG_ENABLE_MODULES = YES;
				CLANG_ENABLE_OBJC_ARC = YES;
				CLANG_WARN_BLOCK_CAPTURE_AUTORELEASING = YES;
				CLANG_WARN_BOOL_CONVERSION = YES;
				CLANG_WARN_COMMA = YES;
				CLANG_WARN_CONSTANT_CONVERSION = YES;
				CLANG_WARN_DIRECT_OBJC_ISA_USAGE = YES_ERROR;
				CLANG_WARN_DOCUMENTATION_COMMENTS = YES;
				CLANG_WARN_EMPTY_BODY = YES;
				CLANG_WARN_ENUM_CONVERSION = YES;
				CLANG_WARN_INFINITE_RECURSION = YES;
				CLANG_WARN_INT_CONVERSION = YES;
				CLANG_WARN_NON_LITERAL_NULL_CONVERSION = YES;
				CLANG_WARN_OBJC_LITERAL_CONVERSION = YES;
				CLANG_WARN_OBJC_ROOT_CLASS = YES_ERROR;
				CLANG_WARN_RANGE_LOOP_ANALYSIS = YES;
				CLANG_WARN_STRICT_PROTOTYPES = YES;
				CLANG_WARN_SUSPICIOUS_MOVE = YES;
				CLANG_WARN_UNGUARDED_AVAILABILITY = YES_AGGRESSIVE;
				CLANG_WARN_UNREACHABLE_CODE = YES;
				CLANG_WARN__DUPLICATE_METHOD_MATCH = YES;
				CODE_SIGN_IDENTITY = "iPhone Developer";
				COPY_PHASE_STRIP = NO;
				DEBUG_INFORMATION_FORMAT = "dwarf-with-dsym";
				ENABLE_NS_ASSERTIONS = NO;
				ENABLE_STRICT_OBJC_MSGSEND = YES;
				GCC_C_LANGUAGE_STANDARD = gnu11;
				GCC_NO_COMMON_BLOCKS = YES;
				GCC_WARN_64_TO_32_BIT_CONVERSION = YES;
				GCC_WARN_ABOUT_RETURN_TYPE = YES_ERROR;
				GCC_WARN_UNDECLARED_SELECTOR = YES;
				GCC_WARN_UNINITIALIZED_AUTOS = YES_AGGRESSIVE;
				GCC_WARN_UNUSED_FUNCTION = YES;
				GCC_WARN_UNUSED_VARIABLE = YES;
				IPHONEOS_DEPLOYMENT_TARGET = 11.2;
				MTL_ENABLE_DEBUG_INFO = NO;
				SDKROOT = iphoneos;
				SWIFT_OPTIMIZATION_LEVEL = "-Owholemodule";
				VALIDATE_PRODUCT = YES;
			};
			name = Release;
		};
		DBA47F5E2048D9890072A11C /* Debug */ = {
			isa = XCBuildConfiguration;
			baseConfigurationReference = 5C695C8F3FFB242739733235 /* Pods-IntervalTimer.debug.xcconfig */;
			buildSettings = {
				ASSETCATALOG_COMPILER_APPICON_NAME = AppIcon;
				CODE_SIGN_STYLE = Automatic;
				DEVELOPMENT_TEAM = ZPWDFT65EV;
				INFOPLIST_FILE = IntervalTimer/Info.plist;
				LD_RUNPATH_SEARCH_PATHS = "$(inherited) @executable_path/Frameworks";
				PRODUCT_BUNDLE_IDENTIFIER = me.weijielin.IntervalTimer;
				PRODUCT_NAME = "$(TARGET_NAME)";
				SWIFT_VERSION = 4.0;
				TARGETED_DEVICE_FAMILY = "1,2";
			};
			name = Debug;
		};
		DBA47F5F2048D9890072A11C /* Release */ = {
			isa = XCBuildConfiguration;
			baseConfigurationReference = 0E4998DA3D8BDF8FABB025F6 /* Pods-IntervalTimer.release.xcconfig */;
			buildSettings = {
				ASSETCATALOG_COMPILER_APPICON_NAME = AppIcon;
				CODE_SIGN_STYLE = Automatic;
				DEVELOPMENT_TEAM = ZPWDFT65EV;
				INFOPLIST_FILE = IntervalTimer/Info.plist;
				LD_RUNPATH_SEARCH_PATHS = "$(inherited) @executable_path/Frameworks";
				PRODUCT_BUNDLE_IDENTIFIER = me.weijielin.IntervalTimer;
				PRODUCT_NAME = "$(TARGET_NAME)";
				SWIFT_VERSION = 4.0;
				TARGETED_DEVICE_FAMILY = "1,2";
			};
			name = Release;
		};
/* End XCBuildConfiguration section */

/* Begin XCConfigurationList section */
		DBA47F462048D9880072A11C /* Build configuration list for PBXProject "IntervalTimer" */ = {
			isa = XCConfigurationList;
			buildConfigurations = (
				DBA47F5B2048D9890072A11C /* Debug */,
				DBA47F5C2048D9890072A11C /* Release */,
			);
			defaultConfigurationIsVisible = 0;
			defaultConfigurationName = Release;
		};
		DBA47F5D2048D9890072A11C /* Build configuration list for PBXNativeTarget "IntervalTimer" */ = {
			isa = XCConfigurationList;
			buildConfigurations = (
				DBA47F5E2048D9890072A11C /* Debug */,
				DBA47F5F2048D9890072A11C /* Release */,
			);
			defaultConfigurationIsVisible = 0;
			defaultConfigurationName = Release;
		};
/* End XCConfigurationList section */
	};
	rootObject = DBA47F432048D9880072A11C /* Project object */;
}
